// !$*UTF8*$!
{
	archiveVersion = 1;
	classes = {
	};
	objectVersion = 56;
	objects = {

/* Begin PBXBuildFile section */
		2E1A70F42B04580A00DA4170 /* File.swift in Sources */ = {isa = PBXBuildFile; fileRef = 2E1A70F32B04580A00DA4170 /* File.swift */; };
		8270F62E298A3BC200C0577F /* book_convertApp.swift in Sources */ = {isa = PBXBuildFile; fileRef = 8270F62D298A3BC200C0577F /* book_convertApp.swift */; };
		8270F630298A3BC200C0577F /* ContentView.swift in Sources */ = {isa = PBXBuildFile; fileRef = 8270F62F298A3BC200C0577F /* ContentView.swift */; };
		8270F632298A3BC600C0577F /* Assets.xcassets in Resources */ = {isa = PBXBuildFile; fileRef = 8270F631298A3BC600C0577F /* Assets.xcassets */; };
		8270F635298A3BC600C0577F /* Preview Assets.xcassets in Resources */ = {isa = PBXBuildFile; fileRef = 8270F634298A3BC600C0577F /* Preview Assets.xcassets */; };
		8270F63C298A3BD900C0577F /* PDFManager.swift in Sources */ = {isa = PBXBuildFile; fileRef = 8270F63B298A3BD900C0577F /* PDFManager.swift */; };
		8270F63E298A3BE700C0577F /* VisionManager.swift in Sources */ = {isa = PBXBuildFile; fileRef = 8270F63D298A3BE700C0577F /* VisionManager.swift */; };
		8270F640298A3C2B00C0577F /* sample.pdf in Resources */ = {isa = PBXBuildFile; fileRef = 8270F63F298A3C2B00C0577F /* sample.pdf */; };
		8270F642298A3DFD00C0577F /* clean-code.pdf in Resources */ = {isa = PBXBuildFile; fileRef = 8270F641298A3DFD00C0577F /* clean-code.pdf */; };
/* End PBXBuildFile section */

/* Begin PBXFileReference section */
		2E1A70F32B04580A00DA4170 /* File.swift */ = {isa = PBXFileReference; lastKnownFileType = sourcecode.swift; path = File.swift; sourceTree = "<group>"; };
		8270F62A298A3BC200C0577F /* book-convert.app */ = {isa = PBXFileReference; explicitFileType = wrapper.application; includeInIndex = 0; path = "book-convert.app"; sourceTree = BUILT_PRODUCTS_DIR; };
		8270F62D298A3BC200C0577F /* book_convertApp.swift */ = {isa = PBXFileReference; lastKnownFileType = sourcecode.swift; path = book_convertApp.swift; sourceTree = "<group>"; };
		8270F62F298A3BC200C0577F /* ContentView.swift */ = {isa = PBXFileReference; lastKnownFileType = sourcecode.swift; path = ContentView.swift; sourceTree = "<group>"; };
		8270F631298A3BC600C0577F /* Assets.xcassets */ = {isa = PBXFileReference; lastKnownFileType = folder.assetcatalog; path = Assets.xcassets; sourceTree = "<group>"; };
		8270F634298A3BC600C0577F /* Preview Assets.xcassets */ = {isa = PBXFileReference; lastKnownFileType = folder.assetcatalog; path = "Preview Assets.xcassets"; sourceTree = "<group>"; };
		8270F63B298A3BD900C0577F /* PDFManager.swift */ = {isa = PBXFileReference; lastKnownFileType = sourcecode.swift; path = PDFManager.swift; sourceTree = "<group>"; };
		8270F63D298A3BE700C0577F /* VisionManager.swift */ = {isa = PBXFileReference; lastKnownFileType = sourcecode.swift; path = VisionManager.swift; sourceTree = "<group>"; };
		8270F63F298A3C2B00C0577F /* sample.pdf */ = {isa = PBXFileReference; lastKnownFileType = image.pdf; path = sample.pdf; sourceTree = "<group>"; };
		8270F641298A3DFD00C0577F /* clean-code.pdf */ = {isa = PBXFileReference; lastKnownFileType = image.pdf; path = "clean-code.pdf"; sourceTree = "<group>"; };
/* End PBXFileReference section */

/* Begin PBXFrameworksBuildPhase section */
		8270F627298A3BC200C0577F /* Frameworks */ = {
			isa = PBXFrameworksBuildPhase;
			buildActionMask = 2147483647;
			files = (
			);
			runOnlyForDeploymentPostprocessing = 0;
		};
/* End PBXFrameworksBuildPhase section */

/* Begin PBXGroup section */
		826E51D5298B4E30001C8D11 /* Managers */ = {
			isa = PBXGroup;
			children = (
				8270F63B298A3BD900C0577F /* PDFManager.swift */,
				8270F63D298A3BE700C0577F /* VisionManager.swift */,
			);
			path = Managers;
			sourceTree = "<group>";
		};
		826E51D6298B4E3A001C8D11 /* Resources */ = {
			isa = PBXGroup;
			children = (
				8270F641298A3DFD00C0577F /* clean-code.pdf */,
				8270F63F298A3C2B00C0577F /* sample.pdf */,
			);
			path = Resources;
			sourceTree = "<group>";
		};
		8270F621298A3BC200C0577F = {
			isa = PBXGroup;
			children = (
				8270F62C298A3BC200C0577F /* book-convert */,
				8270F62B298A3BC200C0577F /* Products */,
			);
			sourceTree = "<group>";
		};
		8270F62B298A3BC200C0577F /* Products */ = {
			isa = PBXGroup;
			children = (
				8270F62A298A3BC200C0577F /* book-convert.app */,
			);
			name = Products;
			sourceTree = "<group>";
		};
		8270F62C298A3BC200C0577F /* book-convert */ = {
			isa = PBXGroup;
			children = (
				8270F62D298A3BC200C0577F /* book_convertApp.swift */,
				8270F62F298A3BC200C0577F /* ContentView.swift */,
				2E1A70F32B04580A00DA4170 /* File.swift */,
				826E51D6298B4E3A001C8D11 /* Resources */,
				826E51D5298B4E30001C8D11 /* Managers */,
				8270F631298A3BC600C0577F /* Assets.xcassets */,
				8270F633298A3BC600C0577F /* Preview Content */,
			);
			path = "book-convert";
			sourceTree = "<group>";
		};
		8270F633298A3BC600C0577F /* Preview Content */ = {
			isa = PBXGroup;
			children = (
				8270F634298A3BC600C0577F /* Preview Assets.xcassets */,
			);
			path = "Preview Content";
			sourceTree = "<group>";
		};
/* End PBXGroup section */

/* Begin PBXNativeTarget section */
		8270F629298A3BC200C0577F /* book-convert */ = {
			isa = PBXNativeTarget;
			buildConfigurationList = 8270F638298A3BC600C0577F /* Build configuration list for PBXNativeTarget "book-convert" */;
			buildPhases = (
				8270F626298A3BC200C0577F /* Sources */,
				8270F627298A3BC200C0577F /* Frameworks */,
				8270F628298A3BC200C0577F /* Resources */,
			);
			buildRules = (
			);
			dependencies = (
			);
			name = "book-convert";
			productName = "book-convert";
			productReference = 8270F62A298A3BC200C0577F /* book-convert.app */;
			productType = "com.apple.product-type.application";
		};
/* End PBXNativeTarget section */

/* Begin PBXProject section */
		8270F622298A3BC200C0577F /* Project object */ = {
			isa = PBXProject;
			attributes = {
				BuildIndependentTargetsInParallel = 1;
				LastSwiftUpdateCheck = 1420;
				LastUpgradeCheck = 1420;
				TargetAttributes = {
					8270F629298A3BC200C0577F = {
						CreatedOnToolsVersion = 14.2;
					};
				};
			};
			buildConfigurationList = 8270F625298A3BC200C0577F /* Build configuration list for PBXProject "book-convert" */;
			compatibilityVersion = "Xcode 14.0";
			developmentRegion = en;
			hasScannedForEncodings = 0;
			knownRegions = (
				en,
				Base,
			);
			mainGroup = 8270F621298A3BC200C0577F;
			productRefGroup = 8270F62B298A3BC200C0577F /* Products */;
			projectDirPath = "";
			projectRoot = "";
			targets = (
				8270F629298A3BC200C0577F /* book-convert */,
			);
		};
/* End PBXProject section */

/* Begin PBXResourcesBuildPhase section */
		8270F628298A3BC200C0577F /* Resources */ = {
			isa = PBXResourcesBuildPhase;
			buildActionMask = 2147483647;
			files = (
				8270F642298A3DFD00C0577F /* clean-code.pdf in Resources */,
				8270F635298A3BC600C0577F /* Preview Assets.xcassets in Resources */,
				8270F640298A3C2B00C0577F /* sample.pdf in Resources */,
				8270F632298A3BC600C0577F /* Assets.xcassets in Resources */,
			);
			runOnlyForDeploymentPostprocessing = 0;
		};
/* End PBXResourcesBuildPhase section */

/* Begin PBXSourcesBuildPhase section */
		8270F626298A3BC200C0577F /* Sources */ = {
			isa = PBXSourcesBuildPhase;
			buildActionMask = 2147483647;
			files = (
				2E1A70F42B04580A00DA4170 /* File.swift in Sources */,
				8270F630298A3BC200C0577F /* ContentView.swift in Sources */,
				8270F63E298A3BE700C0577F /* VisionManager.swift in Sources */,
				8270F63C298A3BD900C0577F /* PDFManager.swift in Sources */,
				8270F62E298A3BC200C0577F /* book_convertApp.swift in Sources */,
			);
			runOnlyForDeploymentPostprocessing = 0;
		};
/* End PBXSourcesBuildPhase section */

/* Begin XCBuildConfiguration section */
		8270F636298A3BC600C0577F /* Debug */ = {
			isa = XCBuildConfiguration;
			buildSettings = {
				ALWAYS_SEARCH_USER_PATHS = NO;
				CLANG_ANALYZER_NONNULL = YES;
				CLANG_ANALYZER_NUMBER_OBJECT_CONVERSION = YES_AGGRESSIVE;
				CLANG_CXX_LANGUAGE_STANDARD = "gnu++20";
				CLANG_ENABLE_MODULES = YES;
				CLANG_ENABLE_OBJC_ARC = YES;
				CLANG_ENABLE_OBJC_WEAK = YES;
				CLANG_WARN_BLOCK_CAPTURE_AUTORELEASING = YES;
				CLANG_WARN_BOOL_CONVERSION = YES;
				CLANG_WARN_COMMA = YES;
				CLANG_WARN_CONSTANT_CONVERSION = YES;
				CLANG_WARN_DEPRECATED_OBJC_IMPLEMENTATIONS = YES;
				CLANG_WARN_DIRECT_OBJC_ISA_USAGE = YES_ERROR;
				CLANG_WARN_DOCUMENTATION_COMMENTS = YES;
				CLANG_WARN_EMPTY_BODY = YES;
				CLANG_WARN_ENUM_CONVERSION = YES;
				CLANG_WARN_INFINITE_RECURSION = YES;
				CLANG_WARN_INT_CONVERSION = YES;
				CLANG_WARN_NON_LITERAL_NULL_CONVERSION = YES;
				CLANG_WARN_OBJC_IMPLICIT_RETAIN_SELF = YES;
				CLANG_WARN_OBJC_LITERAL_CONVERSION = YES;
				CLANG_WARN_OBJC_ROOT_CLASS = YES_ERROR;
				CLANG_WARN_QUOTED_INCLUDE_IN_FRAMEWORK_HEADER = YES;
				CLANG_WARN_RANGE_LOOP_ANALYSIS = YES;
				CLANG_WARN_STRICT_PROTOTYPES = YES;
				CLANG_WARN_SUSPICIOUS_MOVE = YES;
				CLANG_WARN_UNGUARDED_AVAILABILITY = YES_AGGRESSIVE;
				CLANG_WARN_UNREACHABLE_CODE = YES;
				CLANG_WARN__DUPLICATE_METHOD_MATCH = YES;
				COPY_PHASE_STRIP = NO;
				DEBUG_INFORMATION_FORMAT = dwarf;
				ENABLE_STRICT_OBJC_MSGSEND = YES;
				ENABLE_TESTABILITY = YES;
				GCC_C_LANGUAGE_STANDARD = gnu11;
				GCC_DYNAMIC_NO_PIC = NO;
				GCC_NO_COMMON_BLOCKS = YES;
				GCC_OPTIMIZATION_LEVEL = 0;
				GCC_PREPROCESSOR_DEFINITIONS = (
					"DEBUG=1",
					"$(inherited)",
				);
				GCC_WARN_64_TO_32_BIT_CONVERSION = YES;
				GCC_WARN_ABOUT_RETURN_TYPE = YES_ERROR;
				GCC_WARN_UNDECLARED_SELECTOR = YES;
				GCC_WARN_UNINITIALIZED_AUTOS = YES_AGGRESSIVE;
				GCC_WARN_UNUSED_FUNCTION = YES;
				GCC_WARN_UNUSED_VARIABLE = YES;
				IPHONEOS_DEPLOYMENT_TARGET = 16.2;
				MTL_ENABLE_DEBUG_INFO = INCLUDE_SOURCE;
				MTL_FAST_MATH = YES;
				ONLY_ACTIVE_ARCH = YES;
				SDKROOT = iphoneos;
				SWIFT_ACTIVE_COMPILATION_CONDITIONS = DEBUG;
				SWIFT_OPTIMIZATION_LEVEL = "-Onone";
			};
			name = Debug;
		};
		8270F637298A3BC600C0577F /* Release */ = {
			isa = XCBuildConfiguration;
			buildSettings = {
				ALWAYS_SEARCH_USER_PATHS = NO;
				CLANG_ANALYZER_NONNULL = YES;
				CLANG_ANALYZER_NUMBER_OBJECT_CONVERSION = YES_AGGRESSIVE;
				CLANG_CXX_LANGUAGE_STANDARD = "gnu++20";
				CLANG_ENABLE_MODULES = YES;
				CLANG_ENABLE_OBJC_ARC = YES;
				CLANG_ENABLE_OBJC_WEAK = YES;
				CLANG_WARN_BLOCK_CAPTURE_AUTORELEASING = YES;
				CLANG_WARN_BOOL_CONVERSION = YES;
				CLANG_WARN_COMMA = YES;
				CLANG_WARN_CONSTANT_CONVERSION = YES;
				CLANG_WARN_DEPRECATED_OBJC_IMPLEMENTATIONS = YES;
				CLANG_WARN_DIRECT_OBJC_ISA_USAGE = YES_ERROR;
				CLANG_WARN_DOCUMENTATION_COMMENTS = YES;
				CLANG_WARN_EMPTY_BODY = YES;
				CLANG_WARN_ENUM_CONVERSION = YES;
				CLANG_WARN_INFINITE_RECURSION = YES;
				CLANG_WARN_INT_CONVERSION = YES;
				CLANG_WARN_NON_LITERAL_NULL_CONVERSION = YES;
				CLANG_WARN_OBJC_IMPLICIT_RETAIN_SELF = YES;
				CLANG_WARN_OBJC_LITERAL_CONVERSION = YES;
				CLANG_WARN_OBJC_ROOT_CLASS = YES_ERROR;
				CLANG_WARN_QUOTED_INCLUDE_IN_FRAMEWORK_HEADER = YES;
				CLANG_WARN_RANGE_LOOP_ANALYSIS = YES;
				CLANG_WARN_STRICT_PROTOTYPES = YES;
				CLANG_WARN_SUSPICIOUS_MOVE = YES;
				CLANG_WARN_UNGUARDED_AVAILABILITY = YES_AGGRESSIVE;
				CLANG_WARN_UNREACHABLE_CODE = YES;
				CLANG_WARN__DUPLICATE_METHOD_MATCH = YES;
				COPY_PHASE_STRIP = NO;
				DEBUG_INFORMATION_FORMAT = "dwarf-with-dsym";
				ENABLE_NS_ASSERTIONS = NO;
				ENABLE_STRICT_OBJC_MSGSEND = YES;
				GCC_C_LANGUAGE_STANDARD = gnu11;
				GCC_NO_COMMON_BLOCKS = YES;
				GCC_WARN_64_TO_32_BIT_CONVERSION = YES;
				GCC_WARN_ABOUT_RETURN_TYPE = YES_ERROR;
				GCC_WARN_UNDECLARED_SELECTOR = YES;
				GCC_WARN_UNINITIALIZED_AUTOS = YES_AGGRESSIVE;
				GCC_WARN_UNUSED_FUNCTION = YES;
				GCC_WARN_UNUSED_VARIABLE = YES;
				IPHONEOS_DEPLOYMENT_TARGET = 16.2;
				MTL_ENABLE_DEBUG_INFO = NO;
				MTL_FAST_MATH = YES;
				SDKROOT = iphoneos;
				SWIFT_COMPILATION_MODE = wholemodule;
				SWIFT_OPTIMIZATION_LEVEL = "-O";
				VALIDATE_PRODUCT = YES;
			};
			name = Release;
		};
		8270F639298A3BC600C0577F /* Debug */ = {
			isa = XCBuildConfiguration;
			buildSettings = {
				ASSETCATALOG_COMPILER_APPICON_NAME = AppIcon;
				ASSETCATALOG_COMPILER_GLOBAL_ACCENT_COLOR_NAME = AccentColor;
				CODE_SIGN_STYLE = Automatic;
				CURRENT_PROJECT_VERSION = 1;
				DEVELOPMENT_ASSET_PATHS = "\"book-convert/Preview Content\"";
				DEVELOPMENT_TEAM = CTAFH43K36;
				ENABLE_PREVIEWS = YES;
				GENERATE_INFOPLIST_FILE = YES;
				INFOPLIST_KEY_UIApplicationSceneManifest_Generation = YES;
				INFOPLIST_KEY_UIApplicationSupportsIndirectInputEvents = YES;
				INFOPLIST_KEY_UILaunchScreen_Generation = YES;
				INFOPLIST_KEY_UISupportedInterfaceOrientations_iPad = "UIInterfaceOrientationPortrait UIInterfaceOrientationPortraitUpsideDown UIInterfaceOrientationLandscapeLeft UIInterfaceOrientationLandscapeRight";
				INFOPLIST_KEY_UISupportedInterfaceOrientations_iPhone = "UIInterfaceOrientationPortrait UIInterfaceOrientationLandscapeLeft UIInterfaceOrientationLandscapeRight";
				LD_RUNPATH_SEARCH_PATHS = (
					"$(inherited)",
					"@executable_path/Frameworks",
				);
				MARKETING_VERSION = 1.0;
				PRODUCT_BUNDLE_IDENTIFIER = "maatheusgois.book-convert";
				PRODUCT_NAME = "$(TARGET_NAME)";
				SWIFT_EMIT_LOC_STRINGS = YES;
				SWIFT_VERSION = 5.0;
				TARGETED_DEVICE_FAMILY = "1,2";
			};
			name = Debug;
		};
		8270F63A298A3BC600C0577F /* Release */ = {
			isa = XCBuildConfiguration;
			buildSettings = {
				ASSETCATALOG_COMPILER_APPICON_NAME = AppIcon;
				ASSETCATALOG_COMPILER_GLOBAL_ACCENT_COLOR_NAME = AccentColor;
				CODE_SIGN_STYLE = Automatic;
				CURRENT_PROJECT_VERSION = 1;
				DEVELOPMENT_ASSET_PATHS = "\"book-convert/Preview Content\"";
				DEVELOPMENT_TEAM = CTAFH43K36;
				ENABLE_PREVIEWS = YES;
				GENERATE_INFOPLIST_FILE = YES;
				INFOPLIST_KEY_UIApplicationSceneManifest_Generation = YES;
				INFOPLIST_KEY_UIApplicationSupportsIndirectInputEvents = YES;
				INFOPLIST_KEY_UILaunchScreen_Generation = YES;
				INFOPLIST_KEY_UISupportedInterfaceOrientations_iPad = "UIInterfaceOrientationPortrait UIInterfaceOrientationPortraitUpsideDown UIInterfaceOrientationLandscapeLeft UIInterfaceOrientationLandscapeRight";
				INFOPLIST_KEY_UISupportedInterfaceOrientations_iPhone = "UIInterfaceOrientationPortrait UIInterfaceOrientationLandscapeLeft UIInterfaceOrientationLandscapeRight";
				LD_RUNPATH_SEARCH_PATHS = (
					"$(inherited)",
					"@executable_path/Frameworks",
				);
				MARKETING_VERSION = 1.0;
				PRODUCT_BUNDLE_IDENTIFIER = "maatheusgois.book-convert";
				PRODUCT_NAME = "$(TARGET_NAME)";
				SWIFT_EMIT_LOC_STRINGS = YES;
				SWIFT_VERSION = 5.0;
				TARGETED_DEVICE_FAMILY = "1,2";
			};
			name = Release;
		};
/* End XCBuildConfiguration section */

/* Begin XCConfigurationList section */
		8270F625298A3BC200C0577F /* Build configuration list for PBXProject "book-convert" */ = {
			isa = XCConfigurationList;
			buildConfigurations = (
				8270F636298A3BC600C0577F /* Debug */,
				8270F637298A3BC600C0577F /* Release */,
			);
			defaultConfigurationIsVisible = 0;
			defaultConfigurationName = Release;
		};
		8270F638298A3BC600C0577F /* Build configuration list for PBXNativeTarget "book-convert" */ = {
			isa = XCConfigurationList;
			buildConfigurations = (
				8270F639298A3BC600C0577F /* Debug */,
				8270F63A298A3BC600C0577F /* Release */,
			);
			defaultConfigurationIsVisible = 0;
			defaultConfigurationName = Release;
		};
/* End XCConfigurationList section */
	};
	rootObject = 8270F622298A3BC200C0577F /* Project object */;
}
